
Microsoft Visual Studio Solution File, Format Version 12.00
# Visual Studio 2013
VisualStudioVersion = 12.0.21005.1
MinimumVisualStudioVersion = 10.0.40219.1
Project("{8BC9CEB8-8B4A-11D0-8D11-00A0C91BC942}") = "OpenGL_project", "OpenGL_project\OpenGL_project.vcxproj", "{F70E8431-DFFF-48D0-986B-F7E9B8578AD8}"
	ProjectSection(ProjectDependencies) = postProject
		{CC576201-4015-FA4F-9031-8A91CE343B00} = {CC576201-4015-FA4F-9031-8A91CE343B00}
		{09EDEC74-0567-7B47-B77F-88EB7E5CA9ED} = {09EDEC74-0567-7B47-B77F-88EB7E5CA9ED}
		{027E39C4-ADB4-E44D-A250-70E15F1E03FF} = {027E39C4-ADB4-E44D-A250-70E15F1E03FF}
	EndProjectSection
EndProject
Project("{8BC9CEB8-8B4A-11D0-8D11-00A0C91BC942}") = "BulletCollision", "libs\bullet-2.82-r2704\build\vs2010\BulletCollision.vcxproj", "{09EDEC74-0567-7B47-B77F-88EB7E5CA9ED}"
EndProject
Project("{8BC9CEB8-8B4A-11D0-8D11-00A0C91BC942}") = "BulletDynamics", "libs\bullet-2.82-r2704\build\vs2010\BulletDynamics.vcxproj", "{CC576201-4015-FA4F-9031-8A91CE343B00}"
EndProject
Project("{8BC9CEB8-8B4A-11D0-8D11-00A0C91BC942}") = "LinearMath", "libs\bullet-2.82-r2704\build\vs2010\LinearMath.vcxproj", "{027E39C4-ADB4-E44D-A250-70E15F1E03FF}"
EndProject
Global
	GlobalSection(SolutionConfigurationPlatforms) = preSolution
		Debug|Win32 = Debug|Win32
		Debug|x64 = Debug|x64
		Release|Win32 = Release|Win32
		Release|x64 = Release|x64
	EndGlobalSection
	GlobalSection(ProjectConfigurationPlatforms) = postSolution
		{F70E8431-DFFF-48D0-986B-F7E9B8578AD8}.Debug|Win32.ActiveCfg = Debug|Win32
		{F70E8431-DFFF-48D0-986B-F7E9B8578AD8}.Debug|Win32.Build.0 = Debug|Win32
		{F70E8431-DFFF-48D0-986B-F7E9B8578AD8}.Debug|x64.ActiveCfg = Debug|Win32
		{F70E8431-DFFF-48D0-986B-F7E9B8578AD8}.Release|Win32.ActiveCfg = Release|Win32
		{F70E8431-DFFF-48D0-986B-F7E9B8578AD8}.Release|Win32.Build.0 = Release|Win32
		{F70E8431-DFFF-48D0-986B-F7E9B8578AD8}.Release|x64.ActiveCfg = Release|Win32
		{09EDEC74-0567-7B47-B77F-88EB7E5CA9ED}.Debug|Win32.ActiveCfg = Debug|Win32
		{09EDEC74-0567-7B47-B77F-88EB7E5CA9ED}.Debug|Win32.Build.0 = Debug|Win32
		{09EDEC74-0567-7B47-B77F-88EB7E5CA9ED}.Debug|x64.ActiveCfg = Debug|x64
		{09EDEC74-0567-7B47-B77F-88EB7E5CA9ED}.Debug|x64.Build.0 = Debug|x64
		{09EDEC74-0567-7B47-B77F-88EB7E5CA9ED}.Release|Win32.ActiveCfg = Release|Win32
		{09EDEC74-0567-7B47-B77F-88EB7E5CA9ED}.Release|Win32.Build.0 = Release|Win32
		{09EDEC74-0567-7B47-B77F-88EB7E5CA9ED}.Release|x64.ActiveCfg = Release|x64
		{09EDEC74-0567-7B47-B77F-88EB7E5CA9ED}.Release|x64.Build.0 = Release|x64
		{CC576201-4015-FA4F-9031-8A91CE343B00}.Debug|Win32.ActiveCfg = Debug|Win32
		{CC576201-4015-FA4F-9031-8A91CE343B00}.Debug|Win32.Build.0 = Debug|Win32
		{CC576201-4015-FA4F-9031-8A91CE343B00}.Debug|x64.ActiveCfg = Debug|x64
		{CC576201-4015-FA4F-9031-8A91CE343B00}.Debug|x64.Build.0 = Debug|x64
		{CC576201-4015-FA4F-9031-8A91CE343B00}.Release|Win32.ActiveCfg = Release|Win32
		{CC576201-4015-FA4F-9031-8A91CE343B00}.Release|Win32.Build.0 = Release|Win32
		{CC576201-4015-FA4F-9031-8A91CE343B00}.Release|x64.ActiveCfg = Release|x64
		{CC576201-4015-FA4F-9031-8A91CE343B00}.Release|x64.Build.0 = Release|x64
		{027E39C4-ADB4-E44D-A250-70E15F1E03FF}.Debug|Win32.ActiveCfg = Debug|Win32
		{027E39C4-ADB4-E44D-A250-70E15F1E03FF}.Debug|Win32.Build.0 = Debug|Win32
		{027E39C4-ADB4-E44D-A250-70E15F1E03FF}.Debug|x64.ActiveCfg = Debug|x64
		{027E39C4-ADB4-E44D-A250-70E15F1E03FF}.Debug|x64.Build.0 = Debug|x64
		{027E39C4-ADB4-E44D-A250-70E15F1E03FF}.Release|Win32.ActiveCfg = Release|Win32
		{027E39C4-ADB4-E44D-A250-70E15F1E03FF}.Release|Win32.Build.0 = Release|Win32
		{027E39C4-ADB4-E44D-A250-70E15F1E03FF}.Release|x64.ActiveCfg = Release|x64
		{027E39C4-ADB4-E44D-A250-70E15F1E03FF}.Release|x64.Build.0 = Release|x64
	EndGlobalSection
	GlobalSection(SolutionProperties) = preSolution
		HideSolutionNode = FALSE
	EndGlobalSection
EndGlobal
